
Microsoft Visual Studio Solution File, Format Version 12.00
# Visual Studio Version 17
VisualStudioVersion = 17.1.32210.238
MinimumVisualStudioVersion = 10.0.40219.1
Project("{FAE04EC0-301F-11D3-BF4B-00C04F79EFBC}") = "ICProjectTrial", "ICProjectTrial.csproj", "{49E59B66-0E0B-4389-92D5-43F6C4BBD5FF}"
EndProject
Global
	GlobalSection(SolutionConfigurationPlatforms) = preSolution
		Debug|Any CPU = Debug|Any CPU
		Release|Any CPU = Release|Any CPU
	EndGlobalSection
	GlobalSection(ProjectConfigurationPlatforms) = postSolution
		{49E59B66-0E0B-4389-92D5-43F6C4BBD5FF}.Debug|Any CPU.ActiveCfg = Debug|Any CPU
		{49E59B66-0E0B-4389-92D5-43F6C4BBD5FF}.Debug|Any CPU.Build.0 = Debug|Any CPU
		{49E59B66-0E0B-4389-92D5-43F6C4BBD5FF}.Release|Any CPU.ActiveCfg = Release|Any CPU
		{49E59B66-0E0B-4389-92D5-43F6C4BBD5FF}.Release|Any CPU.Build.0 = Release|Any CPU
	EndGlobalSection
	GlobalSection(SolutionProperties) = preSolution
		HideSolutionNode = FALSE
	EndGlobalSection
	GlobalSection(ExtensibilityGlobals) = postSolution
		SolutionGuid = {17CEF051-E14E-49CE-8DF7-1E30F3B3180B}
	EndGlobalSection
EndGlobal
